{
    "_meta": {
        "hash": {
            "sha256": "651c024b53158bc4e2cb13d265d99a66affeb3d2cd34ec548ff5e3056ecf74dc"
        },
        "pipfile-spec": 6,
        "requires": {
            "python_version": "3.12"
        },
        "sources": [
            {
                "name": "pypi",
                "url": "https://pypi.org/simple",
                "verify_ssl": true
            }
        ]
    },
    "default": {
        "bump2version": {
            "hashes": [
                "sha256:37f927ea17cde7ae2d7baf832f8e80ce3777624554a653006c9144f8017fe410",
                "sha256:762cb2bfad61f4ec8e2bdf452c7c267416f8c70dd9ecb1653fd0bbb01fa936e6"
            ],
            "markers": "python_version >= '3.5'",
            "version": "==1.0.1"
        },
        "bumpversion": {
            "hashes": [
                "sha256:4ba55e4080d373f80177b4dabef146c07ce73c7d1377aabf9d3c3ae1f94584a6",
                "sha256:4eb3267a38194d09f048a2179980bb4803701969bff2c85fa8f6d1ce050be15e"
            ],
            "index": "pypi",
            "version": "==0.6.0"
        },
        "click": {
            "hashes": [
                "sha256:353f466495adaeb40b6b5f592f9f91cb22372351c84caeb068132442a4518ef3",
                "sha256:410e932b050f5eed773c4cda94de75971c89cdb3155a72a0831139a79e5ecb5b"
            ],
            "index": "pypi",
            "markers": "python_version >= '3.6'",
            "version": "==8.0.3"
        },
        "csvalidate": {
            "hashes": [
                "sha256:9ae2c72af8639ae556d2c3e6a5a2134058691ad4af708890a7b33e073c501cb2"
            ],
            "index": "pypi",
            "version": "==1.1.1"
        },
        "flask": {
            "hashes": [
                "sha256:58107ed83443e86067e41eff4631b058178191a355886f8e479e347fa1285fdf",
                "sha256:edee9b0a7ff26621bd5a8c10ff484ae28737a2410d99b0bb9a6850c7fb977aa0"
            ],
            "index": "pypi",
            "markers": "python_version >= '3.7'",
            "version": "==2.2.5"
        },
        "gunicorn": {
            "hashes": [
                "sha256:ec400d38950de4dfd418cff8328b2c8faed0edb0d517d3394e457c317908ca4d",
                "sha256:f014447a0101dc57e294f6c18ca6b40227a4c90e9bdb586042628030cba004ec"
            ],
            "index": "pypi",
            "markers": "python_version >= '3.7'",
            "version": "==23.0.0"
        },
        "itsdangerous": {
            "hashes": [
                "sha256:c6242fc49e35958c8b15141343aa660db5fc54d4f13a1db01a3f5891b98700ef",
                "sha256:e0050c0b7da1eea53ffaf149c0cfbb5c6e2e2b69c4bef22c81fa6eb73e5f6173"
            ],
            "index": "pypi",
            "markers": "python_version >= '3.8'",
            "version": "==2.2.0"
        },
        "jinja2": {
            "hashes": [
                "sha256:0137fb05990d35f1275a587e9aee6d56da821fc83491a0fb838183be43f66d6d",
                "sha256:85ece4451f492d0c13c5dd7c13a64681a86afae63a5f347908daf103ce6d2f67"
            ],
            "index": "pypi",
            "markers": "python_version >= '3.7'",
            "version": "==3.1.6"
        },
        "llvmlite": {
            "hashes": [
                "sha256:07667d66a5d150abed9157ab6c0b9393c9356f229784a4385c02f99e94fc94d4",
                "sha256:1d671a56acf725bf1b531d5ef76b86660a5ab8ef19bb6a46064a705c6ca80aad",
                "sha256:2fb7c4f2fb86cbae6dca3db9ab203eeea0e22d73b99bc2341cdf9de93612e930",
                "sha256:319bddd44e5f71ae2689859b7203080716448a3cd1128fb144fe5c055219d516",
                "sha256:40526fb5e313d7b96bda4cbb2c85cd5374e04d80732dd36a282d72a560bb6408",
                "sha256:41e3839150db4330e1b2716c0be3b5c4672525b4c9005e17c7597f835f351ce2",
                "sha256:46224058b13c96af1365290bdfebe9a6264ae62fb79b2b55693deed11657a8bf",
                "sha256:5f79a728e0435493611c9f405168682bb75ffd1fbe6fc360733b850c80a026db",
                "sha256:7202b678cdf904823c764ee0fe2dfe38a76981f4c1e51715b4cb5abb6cf1d9e8",
                "sha256:9c58867118bad04a0bb22a2e0068c693719658105e40009ffe95c7000fcde88e",
                "sha256:9fbadbfba8422123bab5535b293da1cf72f9f478a65645ecd73e781f962ca614",
                "sha256:aa0097052c32bf721a4efc03bd109d335dfa57d9bffb3d4c24cc680711b8b4fc",
                "sha256:ace564d9fa44bb91eb6e6d8e7754977783c68e90a471ea7ce913bff30bd62427",
                "sha256:c0143a5ef336da14deaa8ec26c5449ad5b6a2b564df82fcef4be040b9cacfea9",
                "sha256:c5d22c3bfc842668168a786af4205ec8e3ad29fb1bc03fd11fd48460d0df64c1",
                "sha256:cccf8eb28f24840f2689fb1a45f9c0f7e582dd24e088dcf96e424834af11f791",
                "sha256:d752f89e31b66db6f8da06df8b39f9b91e78c5feea1bf9e8c1fba1d1c24c065d",
                "sha256:d8489634d43c20cd0ad71330dde1d5bc7b9966937a263ff1ec1cebb90dc50955",
                "sha256:eae7e2d4ca8f88f89d315b48c6b741dcb925d6a1042da694aa16ab3dd4cbd3a1",
                "sha256:eed7d5f29136bda63b6d7804c279e2b72e08c952b7c5df61f45db408e0ee52f3",
                "sha256:f01a394e9c9b7b1d4e63c327b096d10f6f0ed149ef53d38a09b3749dcf8c9610"
            ],
            "markers": "python_version >= '3.10'",
            "version": "==0.44.0"
        },
        "markupsafe": {
            "hashes": [
                "sha256:0bff5e0ae4ef2e1ae4fdf2dfd5b76c75e5c2fa4132d05fc1b0dabcd20c7e28c4",
                "sha256:0f4ca02bea9a23221c0182836703cbf8930c5e9454bacce27e767509fa286a30",
                "sha256:1225beacc926f536dc82e45f8a4d68502949dc67eea90eab715dea3a21c1b5f0",
                "sha256:131a3c7689c85f5ad20f9f6fb1b866f402c445b220c19fe4308c0b147ccd2ad9",
                "sha256:15ab75ef81add55874e7ab7055e9c397312385bd9ced94920f2802310c930396",
                "sha256:1a9d3f5f0901fdec14d8d2f66ef7d035f2157240a433441719ac9a3fba440b13",
                "sha256:1c99d261bd2d5f6b59325c92c73df481e05e57f19837bdca8413b9eac4bd8028",
                "sha256:1e084f686b92e5b83186b07e8a17fc09e38fff551f3602b249881fec658d3eca",
                "sha256:2181e67807fc2fa785d0592dc2d6206c019b9502410671cc905d132a92866557",
                "sha256:2cb8438c3cbb25e220c2ab33bb226559e7afb3baec11c4f218ffa7308603c832",
                "sha256:3169b1eefae027567d1ce6ee7cae382c57fe26e82775f460f0b2778beaad66c0",
                "sha256:3809ede931876f5b2ec92eef964286840ed3540dadf803dd570c3b7e13141a3b",
                "sha256:38a9ef736c01fccdd6600705b09dc574584b89bea478200c5fbf112a6b0d5579",
                "sha256:3d79d162e7be8f996986c064d1c7c817f6df3a77fe3d6859f6f9e7be4b8c213a",
                "sha256:444dcda765c8a838eaae23112db52f1efaf750daddb2d9ca300bcae1039adc5c",
                "sha256:48032821bbdf20f5799ff537c7ac3d1fba0ba032cfc06194faffa8cda8b560ff",
                "sha256:4aa4e5faecf353ed117801a068ebab7b7e09ffb6e1d5e412dc852e0da018126c",
                "sha256:52305740fe773d09cffb16f8ed0427942901f00adedac82ec8b67752f58a1b22",
                "sha256:569511d3b58c8791ab4c2e1285575265991e6d8f8700c7be0e88f86cb0672094",
                "sha256:57cb5a3cf367aeb1d316576250f65edec5bb3be939e9247ae594b4bcbc317dfb",
                "sha256:5b02fb34468b6aaa40dfc198d813a641e3a63b98c2b05a16b9f80b7ec314185e",
                "sha256:6381026f158fdb7c72a168278597a5e3a5222e83ea18f543112b2662a9b699c5",
                "sha256:6af100e168aa82a50e186c82875a5893c5597a0c1ccdb0d8b40240b1f28b969a",
                "sha256:6c89876f41da747c8d3677a2b540fb32ef5715f97b66eeb0c6b66f5e3ef6f59d",
                "sha256:6e296a513ca3d94054c2c881cc913116e90fd030ad1c656b3869762b754f5f8a",
                "sha256:70a87b411535ccad5ef2f1df5136506a10775d267e197e4cf531ced10537bd6b",
                "sha256:7e94c425039cde14257288fd61dcfb01963e658efbc0ff54f5306b06054700f8",
                "sha256:846ade7b71e3536c4e56b386c2a47adf5741d2d8b94ec9dc3e92e5e1ee1e2225",
                "sha256:88416bd1e65dcea10bc7569faacb2c20ce071dd1f87539ca2ab364bf6231393c",
                "sha256:88b49a3b9ff31e19998750c38e030fc7bb937398b1f78cfa599aaef92d693144",
                "sha256:8c4e8c3ce11e1f92f6536ff07154f9d49677ebaaafc32db9db4620bc11ed480f",
                "sha256:8e06879fc22a25ca47312fbe7c8264eb0b662f6db27cb2d3bbbc74b1df4b9b87",
                "sha256:9025b4018f3a1314059769c7bf15441064b2207cb3f065e6ea1e7359cb46db9d",
                "sha256:93335ca3812df2f366e80509ae119189886b0f3c2b81325d39efdb84a1e2ae93",
                "sha256:9778bd8ab0a994ebf6f84c2b949e65736d5575320a17ae8984a77fab08db94cf",
                "sha256:9e2d922824181480953426608b81967de705c3cef4d1af983af849d7bd619158",
                "sha256:a123e330ef0853c6e822384873bef7507557d8e4a082961e1defa947aa59ba84",
                "sha256:a904af0a6162c73e3edcb969eeeb53a63ceeb5d8cf642fade7d39e7963a22ddb",
                "sha256:ad10d3ded218f1039f11a75f8091880239651b52e9bb592ca27de44eed242a48",
                "sha256:b424c77b206d63d500bcb69fa55ed8d0e6a3774056bdc4839fc9298a7edca171",
                "sha256:b5a6b3ada725cea8a5e634536b1b01c30bcdcd7f9c6fff4151548d5bf6b3a36c",
                "sha256:ba8062ed2cf21c07a9e295d5b8a2a5ce678b913b45fdf68c32d95d6c1291e0b6",
                "sha256:ba9527cdd4c926ed0760bc301f6728ef34d841f405abf9d4f959c478421e4efd",
                "sha256:bbcb445fa71794da8f178f0f6d66789a28d7319071af7a496d4d507ed566270d",
                "sha256:bcf3e58998965654fdaff38e58584d8937aa3096ab5354d493c77d1fdd66d7a1",
                "sha256:c0ef13eaeee5b615fb07c9a7dadb38eac06a0608b41570d8ade51c56539e509d",
                "sha256:cabc348d87e913db6ab4aa100f01b08f481097838bdddf7c7a84b7575b7309ca",
                "sha256:cdb82a876c47801bb54a690c5ae105a46b392ac6099881cdfb9f6e95e4014c6a",
                "sha256:cfad01eed2c2e0c01fd0ecd2ef42c492f7f93902e39a42fc9ee1692961443a29",
                "sha256:d16a81a06776313e817c951135cf7340a3e91e8c1ff2fac444cfd75fffa04afe",
                "sha256:d8213e09c917a951de9d09ecee036d5c7d36cb6cb7dbaece4c71a60d79fb9798",
                "sha256:e07c3764494e3776c602c1e78e298937c3315ccc9043ead7e685b7f2b8d47b3c",
                "sha256:e17c96c14e19278594aa4841ec148115f9c7615a47382ecb6b82bd8fea3ab0c8",
                "sha256:e444a31f8db13eb18ada366ab3cf45fd4b31e4db1236a4448f68778c1d1a5a2f",
                "sha256:e6a2a455bd412959b57a172ce6328d2dd1f01cb2135efda2e4576e8a23fa3b0f",
                "sha256:eaa0a10b7f72326f1372a713e73c3f739b524b3af41feb43e4921cb529f5929a",
                "sha256:eb7972a85c54febfb25b5c4b4f3af4dcc731994c7da0d8a0b4a6eb0640e1d178",
                "sha256:ee55d3edf80167e48ea11a923c7386f4669df67d7994554387f84e7d8b0a2bf0",
                "sha256:f3818cb119498c0678015754eba762e0d61e5b52d34c8b13d770f0719f7b1d79",
                "sha256:f8b3d067f2e40fe93e1ccdd6b2e1d16c43140e76f02fb1319a05cf2b79d99430",
                "sha256:fcabf5ff6eea076f859677f5f0b6b5c1a51e70a376b0579e0eadef8db48c6b50"
            ],
            "index": "pypi",
            "markers": "python_version >= '3.9'",
            "version": "==3.0.2"
        },
        "numba": {
            "hashes": [
                "sha256:074cd38c5b1f9c65a4319d1f3928165f48975ef0537ad43385b2bd908e6e2e35",
                "sha256:0ebbd4827091384ab8c4615ba1b3ca8bc639a3a000157d9c37ba85d34cd0da1b",
                "sha256:152146ecdbb8d8176f294e9f755411e6f270103a11c3ff50cecc413f794e52c8",
                "sha256:21c2fe25019267a608e2710a6a947f557486b4b0478b02e45a81cf606a05a7d4",
                "sha256:43aa4d7d10c542d3c78106b8481e0cbaaec788c39ee8e3d7901682748ffdf0b4",
                "sha256:44240e694d4aa321430c97b21453e46014fe6c7b8b7d932afa7f6a88cc5d7e5e",
                "sha256:46c5ae094fb3706f5adf9021bfb7fc11e44818d61afee695cdee4eadfed45e98",
                "sha256:550d389573bc3b895e1ccb18289feea11d937011de4d278b09dc7ed585d1cdcb",
                "sha256:5cafa6095716fcb081618c28a8d27bf7c001e09696f595b41836dec114be2905",
                "sha256:5f6c452dca1de8e60e593f7066df052dd8da09b243566ecd26d2b796e5d3087d",
                "sha256:6fb74e81aa78a2303e30593d8331327dfc0d2522b5db05ac967556a26db3ef87",
                "sha256:74250b26ed6a1428763e774dc5b2d4e70d93f73795635b5412b8346a4d054574",
                "sha256:764f0e47004f126f58c3b28e0a02374c420a9d15157b90806d68590f5c20cc89",
                "sha256:888d2e89b8160899e19591467e8fdd4970e07606e1fbc248f239c89818d5f925",
                "sha256:9cab9783a700fa428b1a54d65295122bc03b3de1d01fb819a6b9dbbddfdb8c43",
                "sha256:9f25f7fef0206d55c1cfb796ad833cbbc044e2884751e56e798351280038484c",
                "sha256:b72bbc8708e98b3741ad0c63f9929c47b623cc4ee86e17030a4f3e301e8401ac",
                "sha256:b96fafbdcf6f69b69855273e988696aae4974115a815f6818fef4af7afa1f6b8",
                "sha256:bf64c2d0f3d161af603de3825172fb83c2600bcb1d53ae8ea568d4c53ba6ac08",
                "sha256:de5aa7904741425f28e1028b85850b31f0a245e9eb4f7c38507fb893283a066c",
                "sha256:ffe9fe373ed30638d6e20a0269f817b2c75d447141f55a675bfcf2d1fe2e87fb"
            ],
            "markers": "python_version >= '3.10'",
            "version": "==0.61.0"
        },
        "numpy": {
            "hashes": [
                "sha256:016d0f6f5e77b0f0d45d77387ffa4bb89816b57c835580c3ce8e099ef830befe",
                "sha256:02135ade8b8a84011cbb67dc44e07c58f28575cf9ecf8ab304e51c05528c19f0",
                "sha256:08788d27a5fd867a663f6fc753fd7c3ad7e92747efc73c53bca2f19f8bc06f48",
                "sha256:0d30c543f02e84e92c4b1f415b7c6b5326cbe45ee7882b6b77db7195fb971e3a",
                "sha256:0fa14563cc46422e99daef53d725d0c326e99e468a9320a240affffe87852564",
                "sha256:13138eadd4f4da03074851a698ffa7e405f41a0845a6b1ad135b81596e4e9958",
                "sha256:14e253bd43fc6b37af4921b10f6add6925878a42a0c5fe83daee390bca80bc17",
                "sha256:15cb89f39fa6d0bdfb600ea24b250e5f1a3df23f901f51c8debaa6a5d122b2f0",
                "sha256:17ee83a1f4fef3c94d16dc1802b998668b5419362c8a4f4e8a491de1b41cc3ee",
                "sha256:2312b2aa89e1f43ecea6da6ea9a810d06aae08321609d8dc0d0eda6d946a541b",
                "sha256:2564fbdf2b99b3f815f2107c1bbc93e2de8ee655a69c261363a1172a79a257d4",
                "sha256:3522b0dfe983a575e6a9ab3a4a4dfe156c3e428468ff08ce582b9bb6bd1d71d4",
                "sha256:4394bc0dbd074b7f9b52024832d16e019decebf86caf909d94f6b3f77a8ee3b6",
                "sha256:45966d859916ad02b779706bb43b954281db43e185015df6eb3323120188f9e4",
                "sha256:4d1167c53b93f1f5d8a139a742b3c6f4d429b54e74e6b57d0eff40045187b15d",
                "sha256:4f2015dfe437dfebbfce7c85c7b53d81ba49e71ba7eadbf1df40c915af75979f",
                "sha256:50ca6aba6e163363f132b5c101ba078b8cbd3fa92c7865fd7d4d62d9779ac29f",
                "sha256:50d18c4358a0a8a53f12a8ba9d772ab2d460321e6a93d6064fc22443d189853f",
                "sha256:5641516794ca9e5f8a4d17bb45446998c6554704d888f86df9b200e66bdcce56",
                "sha256:576a1c1d25e9e02ed7fa5477f30a127fe56debd53b8d2c89d5578f9857d03ca9",
                "sha256:6a4825252fcc430a182ac4dee5a505053d262c807f8a924603d411f6718b88fd",
                "sha256:72dcc4a35a8515d83e76b58fdf8113a5c969ccd505c8a946759b24e3182d1f23",
                "sha256:747641635d3d44bcb380d950679462fae44f54b131be347d5ec2bce47d3df9ed",
                "sha256:762479be47a4863e261a840e8e01608d124ee1361e48b96916f38b119cfda04a",
                "sha256:78574ac2d1a4a02421f25da9559850d59457bac82f2b8d7a44fe83a64f770098",
                "sha256:825656d0743699c529c5943554d223c021ff0494ff1442152ce887ef4f7561a1",
                "sha256:8637dcd2caa676e475503d1f8fdb327bc495554e10838019651b76d17b98e512",
                "sha256:96fe52fcdb9345b7cd82ecd34547fca4321f7656d500eca497eb7ea5a926692f",
                "sha256:973faafebaae4c0aaa1a1ca1ce02434554d67e628b8d805e61f874b84e136b09",
                "sha256:996bb9399059c5b82f76b53ff8bb686069c05acc94656bb259b1d63d04a9506f",
                "sha256:a38c19106902bb19351b83802531fea19dee18e5b37b36454f27f11ff956f7fc",
                "sha256:a6b46587b14b888e95e4a24d7b13ae91fa22386c199ee7b418f449032b2fa3b8",
                "sha256:a9f7f672a3388133335589cfca93ed468509cb7b93ba3105fce780d04a6576a0",
                "sha256:aa08e04e08aaf974d4458def539dece0d28146d866a39da5639596f4921fd761",
                "sha256:b0df3635b9c8ef48bd3be5f862cf71b0a4716fa0e702155c45067c6b711ddcef",
                "sha256:b47fbb433d3260adcd51eb54f92a2ffbc90a4595f8970ee00e064c644ac788f5",
                "sha256:baed7e8d7481bfe0874b566850cb0b85243e982388b7b23348c6db2ee2b2ae8e",
                "sha256:bc6f24b3d1ecc1eebfbf5d6051faa49af40b03be1aaa781ebdadcbc090b4539b",
                "sha256:c006b607a865b07cd981ccb218a04fc86b600411d83d6fc261357f1c0966755d",
                "sha256:c181ba05ce8299c7aa3125c27b9c2167bca4a4445b7ce73d5febc411ca692e43",
                "sha256:c7662f0e3673fe4e832fe07b65c50342ea27d989f92c80355658c7f888fcc83c",
                "sha256:c80e4a09b3d95b4e1cac08643f1152fa71a0a821a2d4277334c88d54b2219a41",
                "sha256:c894b4305373b9c5576d7a12b473702afdf48ce5369c074ba304cc5ad8730dff",
                "sha256:d7aac50327da5d208db2eec22eb11e491e3fe13d22653dce51b0f4109101b408",
                "sha256:d89dd2b6da69c4fff5e39c28a382199ddedc3a5be5390115608345dec660b9e2",
                "sha256:d9beb777a78c331580705326d2367488d5bc473b49a9bc3036c154832520aca9",
                "sha256:dc258a761a16daa791081d026f0ed4399b582712e6fc887a95af09df10c5ca57",
                "sha256:e14e26956e6f1696070788252dcdff11b4aca4c3e8bd166e0df1bb8f315a67cb",
                "sha256:e6988e90fcf617da2b5c78902fe8e668361b43b4fe26dbf2d7b0f8034d4cafb9",
                "sha256:e711e02f49e176a01d0349d82cb5f05ba4db7d5e7e0defd026328e5cfb3226d3",
                "sha256:ea4dedd6e394a9c180b33c2c872b92f7ce0f8e7ad93e9585312b0c5a04777a4a",
                "sha256:ecc76a9ba2911d8d37ac01de72834d8849e55473457558e12995f4cd53e778e0",
                "sha256:f55ba01150f52b1027829b50d70ef1dafd9821ea82905b63936668403c3b471e",
                "sha256:f653490b33e9c3a4c1c01d41bc2aef08f9475af51146e4a7710c450cf9761598",
                "sha256:fa2d1337dc61c8dc417fbccf20f6d1e139896a30721b7f1e832b2bb6ef4eb6c4"
            ],
            "markers": "python_version >= '3.10'",
            "version": "==2.1.3"
        },
        "packaging": {
            "hashes": [
                "sha256:09abb1bccd265c01f4a3aa3f7a7db064b36514d2cba19a2f694fe6150451a759",
                "sha256:c228a6dc5e932d346bc5739379109d49e8853dd8223571c7c5b55260edc0b97f"
            ],
            "markers": "python_version >= '3.8'",
            "version": "==24.2"
        },
        "pandas": {
            "hashes": [
                "sha256:062309c1b9ea12a50e8ce661145c6aab431b1e99530d3cd60640e255778bd43a",
                "sha256:15c0e1e02e93116177d29ff83e8b1619c93ddc9c49083f237d4312337a61165d",
                "sha256:1948ddde24197a0f7add2bdc4ca83bf2b1ef84a1bc8ccffd95eda17fd836ecb5",
                "sha256:1db71525a1538b30142094edb9adc10be3f3e176748cd7acc2240c2f2e5aa3a4",
                "sha256:22a9d949bfc9a502d320aa04e5d02feab689d61da4e7764b62c30b991c42c5f0",
                "sha256:29401dbfa9ad77319367d36940cd8a0b3a11aba16063e39632d98b0e931ddf32",
                "sha256:31d0ced62d4ea3e231a9f228366919a5ea0b07440d9d4dac345376fd8e1477ea",
                "sha256:3508d914817e153ad359d7e069d752cdd736a247c322d932eb89e6bc84217f28",
                "sha256:37e0aced3e8f539eccf2e099f65cdb9c8aa85109b0be6e93e2baff94264bdc6f",
                "sha256:381175499d3802cde0eabbaf6324cce0c4f5d52ca6f8c377c29ad442f50f6348",
                "sha256:38cf8125c40dae9d5acc10fa66af8ea6fdf760b2714ee482ca691fc66e6fcb18",
                "sha256:3b71f27954685ee685317063bf13c7709a7ba74fc996b84fc6821c59b0f06468",
                "sha256:3fc6873a41186404dad67245896a6e440baacc92f5b716ccd1bc9ed2995ab2c5",
                "sha256:4850ba03528b6dd51d6c5d273c46f183f39a9baf3f0143e566b89450965b105e",
                "sha256:4f18ba62b61d7e192368b84517265a99b4d7ee8912f8708660fb4a366cc82667",
                "sha256:56534ce0746a58afaf7942ba4863e0ef81c9c50d3f0ae93e9497d6a41a057645",
                "sha256:59ef3764d0fe818125a5097d2ae867ca3fa64df032331b7e0917cf5d7bf66b13",
                "sha256:5dbca4c1acd72e8eeef4753eeca07de9b1db4f398669d5994086f788a5d7cc30",
                "sha256:5de54125a92bb4d1c051c0659e6fcb75256bf799a732a87184e5ea503965bce3",
                "sha256:61c5ad4043f791b61dd4752191d9f07f0ae412515d59ba8f005832a532f8736d",
                "sha256:6374c452ff3ec675a8f46fd9ab25c4ad0ba590b71cf0656f8b6daa5202bca3fb",
                "sha256:63cc132e40a2e084cf01adf0775b15ac515ba905d7dcca47e9a251819c575ef3",
                "sha256:66108071e1b935240e74525006034333f98bcdb87ea116de573a6a0dccb6c039",
                "sha256:6dfcb5ee8d4d50c06a51c2fffa6cff6272098ad6540aed1a76d15fb9318194d8",
                "sha256:7c2875855b0ff77b2a64a0365e24455d9990730d6431b9e0ee18ad8acee13dbd",
                "sha256:7eee9e7cea6adf3e3d24e304ac6b8300646e2a5d1cd3a3c2abed9101b0846761",
                "sha256:800250ecdadb6d9c78eae4990da62743b857b470883fa27f652db8bdde7f6659",
                "sha256:86976a1c5b25ae3f8ccae3a5306e443569ee3c3faf444dfd0f41cda24667ad57",
                "sha256:8cd6d7cc958a3910f934ea8dbdf17b2364827bb4dafc38ce6eef6bb3d65ff09c",
                "sha256:99df71520d25fade9db7c1076ac94eb994f4d2673ef2aa2e86ee039b6746d20c",
                "sha256:a5a1595fe639f5988ba6a8e5bc9649af3baf26df3998a0abe56c02609392e0a4",
                "sha256:ad5b65698ab28ed8d7f18790a0dc58005c7629f227be9ecc1072aa74c0c1d43a",
                "sha256:b1d432e8d08679a40e2a6d8b2f9770a5c21793a6f9f47fdd52c5ce1948a5a8a9",
                "sha256:b8661b0238a69d7aafe156b7fa86c44b881387509653fdf857bebc5e4008ad42",
                "sha256:ba96630bc17c875161df3818780af30e43be9b166ce51c9a18c1feae342906c2",
                "sha256:bc6b93f9b966093cb0fd62ff1a7e4c09e6d546ad7c1de191767baffc57628f39",
                "sha256:c124333816c3a9b03fbeef3a9f230ba9a737e9e5bb4060aa2107a86cc0a497fc",
                "sha256:cd8d0c3be0515c12fed0bdbae072551c8b54b7192c7b1fda0ba56059a0179698",
                "sha256:d9c45366def9a3dd85a6454c0e7908f2b3b8e9c138f5dc38fed7ce720d8453ed",
                "sha256:f00d1345d84d8c86a63e476bb4955e46458b304b9575dcf71102b5c705320015",
                "sha256:f3a255b2c19987fbbe62a9dfd6cff7ff2aa9ccab3fc75218fd4b7530f01efa24",
                "sha256:fffb8ae78d8af97f849404f21411c95062db1496aeb3e56f146f0355c9989319"
            ],
            "index": "pypi",
            "markers": "python_version >= '3.9'",
            "version": "==2.2.3"
        },
        "pythermalcomfort": {
            "hashes": [
                "sha256:3c694f82dac591ffefb3cd14451de0c05e4f873ad1af1e627c0196fbadb5ac02",
                "sha256:83a316344b77992cadf54fd819c3b4d310e690bfe93dc0123511d5f27631aa8a"
            ],
            "index": "pypi",
            "markers": "python_full_version >= '3.8.0'",
            "version": "==2.10.0"
        },
        "python-dateutil": {
            "hashes": [
                "sha256:37dd54208da7e1cd875388217d5e00ebd4179249f90fb72437e91a35459a0ad3",
                "sha256:a8b2bc7bffae282281c8140a97d3aa9c14da0b136dfe83f850eea9a5f7470427"
            ],
            "markers": "python_version >= '2.7' and python_version not in '3.0, 3.1, 3.2, 3.3'",
            "version": "==2.9.0.post0"
        },
        "pytz": {
            "hashes": [
                "sha256:360b9e3dbb49a209c21ad61809c7fb453643e048b38924c765813546746e81c3",
                "sha256:5ddf76296dd8c44c26eb8f4b6f35488f3ccbf6fbbd7adee0b7262d43f0ec2f00"
            ],
            "version": "==2025.2"
        },
        "scipy": {
            "hashes": [
                "sha256:01edfac9f0798ad6b46d9c4c9ca0e0ad23dbf0b1eb70e96adb9fa7f525eff0bf",
                "sha256:03205d57a28e18dfd39f0377d5002725bf1f19a46f444108c29bdb246b6c8a11",
                "sha256:08b57a9336b8e79b305a143c3655cc5bdbe6d5ece3378578888d2afbb51c4e37",
                "sha256:11e7ad32cf184b74380f43d3c0a706f49358b904fa7d5345f16ddf993609184d",
                "sha256:28a0d2c2075946346e4408b211240764759e0fabaeb08d871639b5f3b1aca8a0",
                "sha256:2b871df1fe1a3ba85d90e22742b93584f8d2b8e6124f8372ab15c71b73e428b8",
                "sha256:302093e7dfb120e55515936cb55618ee0b895f8bcaf18ff81eca086c17bd80af",
                "sha256:42dabaaa798e987c425ed76062794e93a243be8f0f20fff6e7a89f4d61cb3d40",
                "sha256:447ce30cee6a9d5d1379087c9e474628dab3db4a67484be1b7dc3196bfb2fac9",
                "sha256:4c6676490ad76d1c2894d77f976144b41bd1a4052107902238047fb6a473e971",
                "sha256:54c462098484e7466362a9f1672d20888f724911a74c22ae35b61f9c5919183d",
                "sha256:597a0c7008b21c035831c39927406c6181bcf8f60a73f36219b69d010aa04737",
                "sha256:5a6fd6eac1ce74a9f77a7fc724080d507c5812d61e72bd5e4c489b042455865e",
                "sha256:5ea7ed46d437fc52350b028b1d44e002646e28f3e8ddc714011aaf87330f2f32",
                "sha256:601881dfb761311045b03114c5fe718a12634e5608c3b403737ae463c9885d53",
                "sha256:62ca1ff3eb513e09ed17a5736929429189adf16d2d740f44e53270cc800ecff1",
                "sha256:69ea6e56d00977f355c0f84eba69877b6df084516c602d93a33812aa04d90a3d",
                "sha256:6a8e34cf4c188b6dd004654f88586d78f95639e48a25dfae9c5e34a6dc34547e",
                "sha256:6d0194c37037707b2afa7a2f2a924cf7bac3dc292d51b6a925e5fcb89bc5c776",
                "sha256:6f223753c6ea76983af380787611ae1291e3ceb23917393079dcc746ba60cfb5",
                "sha256:6f5e296ec63c5da6ba6fa0343ea73fd51b8b3e1a300b0a8cae3ed4b1122c7462",
                "sha256:7cd5b77413e1855351cdde594eca99c1f4a588c2d63711388b6a1f1c01f62274",
                "sha256:869269b767d5ee7ea6991ed7e22b3ca1f22de73ab9a49c44bad338b725603301",
                "sha256:87994da02e73549dfecaed9e09a4f9d58a045a053865679aeb8d6d43747d4df3",
                "sha256:888307125ea0c4466287191e5606a2c910963405ce9671448ff9c81c53f85f58",
                "sha256:92233b2df6938147be6fa8824b8136f29a18f016ecde986666be5f4d686a91a4",
                "sha256:9412f5e408b397ff5641080ed1e798623dbe1ec0d78e72c9eca8992976fa65aa",
                "sha256:9b18aa747da280664642997e65aab1dd19d0c3d17068a04b3fe34e2559196cb9",
                "sha256:9de9d1416b3d9e7df9923ab23cd2fe714244af10b763975bea9e4f2e81cebd27",
                "sha256:a2ec871edaa863e8213ea5df811cd600734f6400b4af272e1c011e69401218e9",
                "sha256:a5080a79dfb9b78b768cebf3c9dcbc7b665c5875793569f48bf0e2b1d7f68f6f",
                "sha256:a8bf5cb4a25046ac61d38f8d3c3426ec11ebc350246a4642f2f315fe95bda655",
                "sha256:b09ae80010f52efddb15551025f9016c910296cf70adbf03ce2a8704f3a5ad20",
                "sha256:b5e025e903b4f166ea03b109bb241355b9c42c279ea694d8864d033727205e65",
                "sha256:bad78d580270a4d32470563ea86c6590b465cb98f83d760ff5b0990cb5518a93",
                "sha256:bae43364d600fdc3ac327db99659dcb79e6e7ecd279a75fe1266669d9a652828",
                "sha256:c4697a10da8f8765bb7c83e24a470da5797e37041edfd77fd95ba3811a47c4fd",
                "sha256:c90ebe8aaa4397eaefa8455a8182b164a6cc1d59ad53f79943f266d99f68687f",
                "sha256:cd58a314d92838f7e6f755c8a2167ead4f27e1fd5c1251fd54289569ef3495ec",
                "sha256:cf72ff559a53a6a6d77bd8eefd12a17995ffa44ad86c77a5df96f533d4e6c6bb",
                "sha256:def751dd08243934c884a3221156d63e15234a3155cf25978b0a668409d45eb6",
                "sha256:e7c68b6a43259ba0aab737237876e5c2c549a031ddb7abc28c7b47f22e202ded",
                "sha256:ecf797d2d798cf7c838c6d98321061eb3e72a74710e6c40540f0e8087e3b499e",
                "sha256:f031846580d9acccd0044efd1a90e6f4df3a6e12b4b6bd694a7bc03a89892b28",
                "sha256:fb530e4794fc8ea76a4a21ccb67dea33e5e0e60f07fc38a49e821e1eae3b71a0",
                "sha256:fe8a9eb875d430d81755472c5ba75e84acc980e4a8f6204d402849234d3017db"
            ],
            "markers": "python_version >= '3.10'",
            "version": "==1.15.2"
        },
        "setuptools": {
            "hashes": [
                "sha256:18fd474d4a82a5f83dac888df697af65afa82dec7323d09c3e37d1f14288da54",
                "sha256:3e386e96793c8702ae83d17b853fb93d3e09ef82ec62722e61da5cd22376dcd8"
            ],
            "markers": "python_version >= '3.9'",
            "version": "==78.1.0"
        },
        "six": {
            "hashes": [
                "sha256:4721f391ed90541fddacab5acf947aa0d3dc7d27b2e1e8eda2be8970586c3274",
                "sha256:ff70335d468e7eb6ec65b95b99d3a2836546063f63acc5171de367e834932a81"
            ],
            "markers": "python_version >= '2.7' and python_version not in '3.0, 3.1, 3.2, 3.3'",
            "version": "==1.17.0"
        },
        "tzdata": {
            "hashes": [
                "sha256:1a403fada01ff9221ca8044d701868fa132215d84beb92242d9acd2147f667a8",
                "sha256:b60a638fcc0daffadf82fe0f57e53d06bdec2f36c4df66280ae79bce6bd6f2b9"
            ],
            "markers": "python_version >= '2'",
            "version": "==2025.2"
        },
        "werkzeug": {
            "hashes": [
                "sha256:54b78bf3716d19a65be4fceccc0d1d7b89e608834989dfae50ea87564639213e",
                "sha256:60723ce945c19328679790e3282cc758aa4a6040e4bb330f53d30fa546d44746"
            ],
            "index": "pypi",
            "markers": "python_version >= '3.9'",
            "version": "==3.1.3"
        }
    },
    "develop": {}
}
