{
    "_meta": {
        "hash": {
            "sha256": "651c024b53158bc4e2cb13d265d99a66affeb3d2cd34ec548ff5e3056ecf74dc"
        },
        "pipfile-spec": 6,
        "requires": {
            "python_version": "3.12"
        },
        "sources": [
            {
                "name": "pypi",
                "url": "https://pypi.org/simple",
                "verify_ssl": true
            }
        ]
    },
    "default": {
        "bump2version": {
            "hashes": [
                "sha256:37f927ea17cde7ae2d7baf832f8e80ce3777624554a653006c9144f8017fe410",
                "sha256:762cb2bfad61f4ec8e2bdf452c7c267416f8c70dd9ecb1653fd0bbb01fa936e6"
            ],
            "markers": "python_version >= '3.5'",
            "version": "==1.0.1"
        },
        "bumpversion": {
            "hashes": [
                "sha256:4ba55e4080d373f80177b4dabef146c07ce73c7d1377aabf9d3c3ae1f94584a6",
                "sha256:4eb3267a38194d09f048a2179980bb4803701969bff2c85fa8f6d1ce050be15e"
            ],
            "index": "pypi",
            "version": "==0.6.0"
        },
        "click": {
            "hashes": [
                "sha256:353f466495adaeb40b6b5f592f9f91cb22372351c84caeb068132442a4518ef3",
                "sha256:410e932b050f5eed773c4cda94de75971c89cdb3155a72a0831139a79e5ecb5b"
            ],
            "index": "pypi",
            "markers": "python_version >= '3.6'",
            "version": "==8.0.3"
        },
        "csvalidate": {
            "hashes": [
                "sha256:9ae2c72af8639ae556d2c3e6a5a2134058691ad4af708890a7b33e073c501cb2"
            ],
            "index": "pypi",
            "version": "==1.1.1"
        },
        "flask": {
            "hashes": [
                "sha256:58107ed83443e86067e41eff4631b058178191a355886f8e479e347fa1285fdf",
                "sha256:edee9b0a7ff26621bd5a8c10ff484ae28737a2410d99b0bb9a6850c7fb977aa0"
            ],
            "index": "pypi",
            "markers": "python_version >= '3.7'",
            "version": "==2.2.5"
        },
        "gunicorn": {
            "hashes": [
                "sha256:ec400d38950de4dfd418cff8328b2c8faed0edb0d517d3394e457c317908ca4d",
                "sha256:f014447a0101dc57e294f6c18ca6b40227a4c90e9bdb586042628030cba004ec"
            ],
            "index": "pypi",
            "markers": "python_version >= '3.7'",
            "version": "==23.0.0"
        },
        "itsdangerous": {
            "hashes": [
                "sha256:c6242fc49e35958c8b15141343aa660db5fc54d4f13a1db01a3f5891b98700ef",
                "sha256:e0050c0b7da1eea53ffaf149c0cfbb5c6e2e2b69c4bef22c81fa6eb73e5f6173"
            ],
            "index": "pypi",
            "markers": "python_version >= '3.8'",
            "version": "==2.2.0"
        },
        "jinja2": {
            "hashes": [
                "sha256:0137fb05990d35f1275a587e9aee6d56da821fc83491a0fb838183be43f66d6d",
                "sha256:85ece4451f492d0c13c5dd7c13a64681a86afae63a5f347908daf103ce6d2f67"
            ],
            "index": "pypi",
            "markers": "python_version >= '3.7'",
            "version": "==3.1.6"
        },
        "llvmlite": {
            "hashes": [
                "sha256:07667d66a5d150abed9157ab6c0b9393c9356f229784a4385c02f99e94fc94d4",
                "sha256:1d671a56acf725bf1b531d5ef76b86660a5ab8ef19bb6a46064a705c6ca80aad",
                "sha256:2fb7c4f2fb86cbae6dca3db9ab203eeea0e22d73b99bc2341cdf9de93612e930",
                "sha256:319bddd44e5f71ae2689859b7203080716448a3cd1128fb144fe5c055219d516",
                "sha256:40526fb5e313d7b96bda4cbb2c85cd5374e04d80732dd36a282d72a560bb6408",
                "sha256:41e3839150db4330e1b2716c0be3b5c4672525b4c9005e17c7597f835f351ce2",
                "sha256:46224058b13c96af1365290bdfebe9a6264ae62fb79b2b55693deed11657a8bf",
                "sha256:5f79a728e0435493611c9f405168682bb75ffd1fbe6fc360733b850c80a026db",
                "sha256:7202b678cdf904823c764ee0fe2dfe38a76981f4c1e51715b4cb5abb6cf1d9e8",
                "sha256:9c58867118bad04a0bb22a2e0068c693719658105e40009ffe95c7000fcde88e",
                "sha256:9fbadbfba8422123bab5535b293da1cf72f9f478a65645ecd73e781f962ca614",
                "sha256:aa0097052c32bf721a4efc03bd109d335dfa57d9bffb3d4c24cc680711b8b4fc",
                "sha256:ace564d9fa44bb91eb6e6d8e7754977783c68e90a471ea7ce913bff30bd62427",
                "sha256:c0143a5ef336da14deaa8ec26c5449ad5b6a2b564df82fcef4be040b9cacfea9",
                "sha256:c5d22c3bfc842668168a786af4205ec8e3ad29fb1bc03fd11fd48460d0df64c1",
                "sha256:cccf8eb28f24840f2689fb1a45f9c0f7e582dd24e088dcf96e424834af11f791",
                "sha256:d752f89e31b66db6f8da06df8b39f9b91e78c5feea1bf9e8c1fba1d1c24c065d",
                "sha256:d8489634d43c20cd0ad71330dde1d5bc7b9966937a263ff1ec1cebb90dc50955",
                "sha256:eae7e2d4ca8f88f89d315b48c6b741dcb925d6a1042da694aa16ab3dd4cbd3a1",
                "sha256:eed7d5f29136bda63b6d7804c279e2b72e08c952b7c5df61f45db408e0ee52f3",
                "sha256:f01a394e9c9b7b1d4e63c327b096d10f6f0ed149ef53d38a09b3749dcf8c9610"
            ],
            "markers": "python_version >= '3.10'",
            "version": "==0.44.0"
        },
        "markupsafe": {
            "hashes": [
                "sha256:0bff5e0ae4ef2e1ae4fdf2dfd5b76c75e5c2fa4132d05fc1b0dabcd20c7e28c4",
                "sha256:0f4ca02bea9a23221c0182836703cbf8930c5e9454bacce27e767509fa286a30",
                "sha256:1225beacc926f536dc82e45f8a4d68502949dc67eea90eab715dea3a21c1b5f0",
                "sha256:131a3c7689c85f5ad20f9f6fb1b866f402c445b220c19fe4308c0b147ccd2ad9",
                "sha256:15ab75ef81add55874e7ab7055e9c397312385bd9ced94920f2802310c930396",
                "sha256:1a9d3f5f0901fdec14d8d2f66ef7d035f2157240a433441719ac9a3fba440b13",
                "sha256:1c99d261bd2d5f6b59325c92c73df481e05e57f19837bdca8413b9eac4bd8028",
                "sha256:1e084f686b92e5b83186b07e8a17fc09e38fff551f3602b249881fec658d3eca",
                "sha256:2181e67807fc2fa785d0592dc2d6206c019b9502410671cc905d132a92866557",
                "sha256:2cb8438c3cbb25e220c2ab33bb226559e7afb3baec11c4f218ffa7308603c832",
                "sha256:3169b1eefae027567d1ce6ee7cae382c57fe26e82775f460f0b2778beaad66c0",
                "sha256:3809ede931876f5b2ec92eef964286840ed3540dadf803dd570c3b7e13141a3b",
                "sha256:38a9ef736c01fccdd6600705b09dc574584b89bea478200c5fbf112a6b0d5579",
                "sha256:3d79d162e7be8f996986c064d1c7c817f6df3a77fe3d6859f6f9e7be4b8c213a",
                "sha256:444dcda765c8a838eaae23112db52f1efaf750daddb2d9ca300bcae1039adc5c",
                "sha256:48032821bbdf20f5799ff537c7ac3d1fba0ba032cfc06194faffa8cda8b560ff",
                "sha256:4aa4e5faecf353ed117801a068ebab7b7e09ffb6e1d5e412dc852e0da018126c",
                "sha256:52305740fe773d09cffb16f8ed0427942901f00adedac82ec8b67752f58a1b22",
                "sha256:569511d3b58c8791ab4c2e1285575265991e6d8f8700c7be0e88f86cb0672094",
                "sha256:57cb5a3cf367aeb1d316576250f65edec5bb3be939e9247ae594b4bcbc317dfb",
                "sha256:5b02fb34468b6aaa40dfc198d813a641e3a63b98c2b05a16b9f80b7ec314185e",
                "sha256:6381026f158fdb7c72a168278597a5e3a5222e83ea18f543112b2662a9b699c5",
                "sha256:6af100e168aa82a50e186c82875a5893c5597a0c1ccdb0d8b40240b1f28b969a",
                "sha256:6c89876f41da747c8d3677a2b540fb32ef5715f97b66eeb0c6b66f5e3ef6f59d",
                "sha256:6e296a513ca3d94054c2c881cc913116e90fd030ad1c656b3869762b754f5f8a",
                "sha256:70a87b411535ccad5ef2f1df5136506a10775d267e197e4cf531ced10537bd6b",
                "sha256:7e94c425039cde14257288fd61dcfb01963e658efbc0ff54f5306b06054700f8",
                "sha256:846ade7b71e3536c4e56b386c2a47adf5741d2d8b94ec9dc3e92e5e1ee1e2225",
                "sha256:88416bd1e65dcea10bc7569faacb2c20ce071dd1f87539ca2ab364bf6231393c",
                "sha256:88b49a3b9ff31e19998750c38e030fc7bb937398b1f78cfa599aaef92d693144",
                "sha256:8c4e8c3ce11e1f92f6536ff07154f9d49677ebaaafc32db9db4620bc11ed480f",
                "sha256:8e06879fc22a25ca47312fbe7c8264eb0b662f6db27cb2d3bbbc74b1df4b9b87",
                "sha256:9025b4018f3a1314059769c7bf15441064b2207cb3f065e6ea1e7359cb46db9d",
                "sha256:93335ca3812df2f366e80509ae119189886b0f3c2b81325d39efdb84a1e2ae93",
                "sha256:9778bd8ab0a994ebf6f84c2b949e65736d5575320a17ae8984a77fab08db94cf",
                "sha256:9e2d922824181480953426608b81967de705c3cef4d1af983af849d7bd619158",
                "sha256:a123e330ef0853c6e822384873bef7507557d8e4a082961e1defa947aa59ba84",
                "sha256:a904af0a6162c73e3edcb969eeeb53a63ceeb5d8cf642fade7d39e7963a22ddb",
                "sha256:ad10d3ded218f1039f11a75f8091880239651b52e9bb592ca27de44eed242a48",
                "sha256:b424c77b206d63d500bcb69fa55ed8d0e6a3774056bdc4839fc9298a7edca171",
                "sha256:b5a6b3ada725cea8a5e634536b1b01c30bcdcd7f9c6fff4151548d5bf6b3a36c",
                "sha256:ba8062ed2cf21c07a9e295d5b8a2a5ce678b913b45fdf68c32d95d6c1291e0b6",
                "sha256:ba9527cdd4c926ed0760bc301f6728ef34d841f405abf9d4f959c478421e4efd",
                "sha256:bbcb445fa71794da8f178f0f6d66789a28d7319071af7a496d4d507ed566270d",
                "sha256:bcf3e58998965654fdaff38e58584d8937aa3096ab5354d493c77d1fdd66d7a1",
                "sha256:c0ef13eaeee5b615fb07c9a7dadb38eac06a0608b41570d8ade51c56539e509d",
                "sha256:cabc348d87e913db6ab4aa100f01b08f481097838bdddf7c7a84b7575b7309ca",
                "sha256:cdb82a876c47801bb54a690c5ae105a46b392ac6099881cdfb9f6e95e4014c6a",
                "sha256:cfad01eed2c2e0c01fd0ecd2ef42c492f7f93902e39a42fc9ee1692961443a29",
                "sha256:d16a81a06776313e817c951135cf7340a3e91e8c1ff2fac444cfd75fffa04afe",
                "sha256:d8213e09c917a951de9d09ecee036d5c7d36cb6cb7dbaece4c71a60d79fb9798",
                "sha256:e07c3764494e3776c602c1e78e298937c3315ccc9043ead7e685b7f2b8d47b3c",
                "sha256:e17c96c14e19278594aa4841ec148115f9c7615a47382ecb6b82bd8fea3ab0c8",
                "sha256:e444a31f8db13eb18ada366ab3cf45fd4b31e4db1236a4448f68778c1d1a5a2f",
                "sha256:e6a2a455bd412959b57a172ce6328d2dd1f01cb2135efda2e4576e8a23fa3b0f",
                "sha256:eaa0a10b7f72326f1372a713e73c3f739b524b3af41feb43e4921cb529f5929a",
                "sha256:eb7972a85c54febfb25b5c4b4f3af4dcc731994c7da0d8a0b4a6eb0640e1d178",
                "sha256:ee55d3edf80167e48ea11a923c7386f4669df67d7994554387f84e7d8b0a2bf0",
                "sha256:f3818cb119498c0678015754eba762e0d61e5b52d34c8b13d770f0719f7b1d79",
                "sha256:f8b3d067f2e40fe93e1ccdd6b2e1d16c43140e76f02fb1319a05cf2b79d99430",
                "sha256:fcabf5ff6eea076f859677f5f0b6b5c1a51e70a376b0579e0eadef8db48c6b50"
            ],
            "index": "pypi",
            "markers": "python_version >= '3.9'",
            "version": "==3.0.2"
        },
        "numba": {
            "hashes": [
                "sha256:34fba9406078bac7ab052efbf0d13939426c753ad72946baaa5bf9ae0ebb8dd2",
                "sha256:3945615cd73c2c7eba2a85ccc9c1730c21cd3958bfcf5a44302abae0fb07bb60",
                "sha256:3a10a8fc9afac40b1eac55717cece1b8b1ac0b946f5065c89e00bde646b5b154",
                "sha256:48a53a3de8f8793526cbe330f2a39fe9a6638efcbf11bd63f3d2f9757ae345cd",
                "sha256:49c980e4171948ffebf6b9a2520ea81feed113c1f4890747ba7f59e74be84b1b",
                "sha256:4ddce10009bc097b080fc96876d14c051cc0c7679e99de3e0af59014dab7dfe8",
                "sha256:59321215e2e0ac5fa928a8020ab00b8e57cda8a97384963ac0dfa4d4e6aa54e7",
                "sha256:5b1bb509d01f23d70325d3a5a0e237cbc9544dd50e50588bc581ba860c213546",
                "sha256:5f154aaea625fb32cfbe3b80c5456d514d416fcdf79733dd69c0df3a11348e9e",
                "sha256:76bcec9f46259cedf888041b9886e257ae101c6268261b19fda8cfbc52bec9d1",
                "sha256:7d3bcada3c9afba3bed413fba45845f2fb9cd0d2b27dd58a1be90257e293d140",
                "sha256:8750ee147940a6637b80ecf7f95062185ad8726c8c28a2295b8ec1160a196f7d",
                "sha256:97cf4f12c728cf77c9c1d7c23707e4d8fb4632b46275f8f3397de33e5877af18",
                "sha256:ae45830b129c6137294093b269ef0a22998ccc27bf7cf096ab8dcf7bca8946f9",
                "sha256:ae8c7a522c26215d5f62ebec436e3d341f7f590079245a2f1008dfd498cc1642",
                "sha256:bbfdf4eca202cebade0b7d43896978e146f39398909a42941c9303f82f403a18",
                "sha256:bd1e74609855aa43661edffca37346e4e8462f6903889917e9f41db40907daa2",
                "sha256:bdbca73ad81fa196bd53dc12e3aaf1564ae036e0c125f237c7644fe64a4928ab",
                "sha256:cf9f9fc00d6eca0c23fc840817ce9f439b9f03c8f03d6246c0e7f0cb15b7162a",
                "sha256:ea0247617edcb5dd61f6106a56255baab031acc4257bddaeddb3a1003b4ca3fd",
                "sha256:efd3db391df53aaa5cfbee189b6c910a5b471488749fd6606c3f33fc984c2ae2"
            ],
            "markers": "python_version >= '3.10'",
            "version": "==0.61.2"
        },
        "numpy": {
            "hashes": [
                "sha256:038613e9fb8c72b0a41f025a7e4c3f0b7a1b5d768ece4796b674c8f3fe13efff",
                "sha256:0678000bb9ac1475cd454c6b8c799206af8107e310843532b04d49649c717a47",
                "sha256:0811bb762109d9708cca4d0b13c4f67146e3c3b7cf8d34018c722adb2d957c84",
                "sha256:0b605b275d7bd0c640cad4e5d30fa701a8d59302e127e5f79138ad62762c3e3d",
                "sha256:0bca768cd85ae743b2affdc762d617eddf3bcf8724435498a1e80132d04879e6",
                "sha256:1bc23a79bfabc5d056d106f9befb8d50c31ced2fbc70eedb8155aec74a45798f",
                "sha256:287cc3162b6f01463ccd86be154f284d0893d2b3ed7292439ea97eafa8170e0b",
                "sha256:37c0ca431f82cd5fa716eca9506aefcabc247fb27ba69c5062a6d3ade8cf8f49",
                "sha256:37e990a01ae6ec7fe7fa1c26c55ecb672dd98b19c3d0e1d1f326fa13cb38d163",
                "sha256:389d771b1623ec92636b0786bc4ae56abafad4a4c513d36a55dce14bd9ce8571",
                "sha256:3d70692235e759f260c3d837193090014aebdf026dfd167834bcba43e30c2a42",
                "sha256:41c5a21f4a04fa86436124d388f6ed60a9343a6f767fced1a8a71c3fbca038ff",
                "sha256:481b49095335f8eed42e39e8041327c05b0f6f4780488f61286ed3c01368d491",
                "sha256:4eeaae00d789f66c7a25ac5f34b71a7035bb474e679f410e5e1a94deb24cf2d4",
                "sha256:55a4d33fa519660d69614a9fad433be87e5252f4b03850642f88993f7b2ca566",
                "sha256:5a6429d4be8ca66d889b7cf70f536a397dc45ba6faeb5f8c5427935d9592e9cf",
                "sha256:5bd4fc3ac8926b3819797a7c0e2631eb889b4118a9898c84f585a54d475b7e40",
                "sha256:5beb72339d9d4fa36522fc63802f469b13cdbe4fdab4a288f0c441b74272ebfd",
                "sha256:6031dd6dfecc0cf9f668681a37648373bddd6421fff6c66ec1624eed0180ee06",
                "sha256:71594f7c51a18e728451bb50cc60a3ce4e6538822731b2933209a1f3614e9282",
                "sha256:74d4531beb257d2c3f4b261bfb0fc09e0f9ebb8842d82a7b4209415896adc680",
                "sha256:7befc596a7dc9da8a337f79802ee8adb30a552a94f792b9c9d18c840055907db",
                "sha256:894b3a42502226a1cac872f840030665f33326fc3dac8e57c607905773cdcde3",
                "sha256:8e41fd67c52b86603a91c1a505ebaef50b3314de0213461c7a6e99c9a3beff90",
                "sha256:8e9ace4a37db23421249ed236fdcdd457d671e25146786dfc96835cd951aa7c1",
                "sha256:8fc377d995680230e83241d8a96def29f204b5782f371c532579b4f20607a289",
                "sha256:9551a499bf125c1d4f9e250377c1ee2eddd02e01eac6644c080162c0c51778ab",
                "sha256:b0544343a702fa80c95ad5d3d608ea3599dd54d4632df855e4c8d24eb6ecfa1c",
                "sha256:b093dd74e50a8cba3e873868d9e93a85b78e0daf2e98c6797566ad8044e8363d",
                "sha256:b412caa66f72040e6d268491a59f2c43bf03eb6c96dd8f0307829feb7fa2b6fb",
                "sha256:b4f13750ce79751586ae2eb824ba7e1e8dba64784086c98cdbbcc6a42112ce0d",
                "sha256:b64d8d4d17135e00c8e346e0a738deb17e754230d7e0810ac5012750bbd85a5a",
                "sha256:ba10f8411898fc418a521833e014a77d3ca01c15b0c6cdcce6a0d2897e6dbbdf",
                "sha256:bd48227a919f1bafbdda0583705e547892342c26fb127219d60a5c36882609d1",
                "sha256:c1f9540be57940698ed329904db803cf7a402f3fc200bfe599334c9bd84a40b2",
                "sha256:c820a93b0255bc360f53eca31a0e676fd1101f673dda8da93454a12e23fc5f7a",
                "sha256:ce47521a4754c8f4593837384bd3424880629f718d87c5d44f8ed763edd63543",
                "sha256:d042d24c90c41b54fd506da306759e06e568864df8ec17ccc17e9e884634fd00",
                "sha256:de749064336d37e340f640b05f24e9e3dd678c57318c7289d222a8a2f543e90c",
                "sha256:e1dda9c7e08dc141e0247a5b8f49cf05984955246a327d4c48bda16821947b2f",
                "sha256:e29554e2bef54a90aa5cc07da6ce955accb83f21ab5de01a62c8478897b264fd",
                "sha256:e3143e4451880bed956e706a3220b4e5cf6172ef05fcc397f6f36a550b1dd868",
                "sha256:e8213002e427c69c45a52bbd94163084025f533a55a59d6f9c5b820774ef3303",
                "sha256:efd28d4e9cd7d7a8d39074a4d44c63eda73401580c5c76acda2ce969e0a38e83",
                "sha256:f0fd6321b839904e15c46e0d257fdd101dd7f530fe03fd6359c1ea63738703f3",
                "sha256:f1372f041402e37e5e633e586f62aa53de2eac8d98cbfb822806ce4bbefcb74d",
                "sha256:f2618db89be1b4e05f7a1a847a9c1c0abd63e63a1607d892dd54668dd92faf87",
                "sha256:f447e6acb680fd307f40d3da4852208af94afdfab89cf850986c3ca00562f4fa",
                "sha256:f92729c95468a2f4f15e9bb94c432a9229d0d50de67304399627a943201baa2f",
                "sha256:f9f1adb22318e121c5c69a09142811a201ef17ab257a1e66ca3025065b7f53ae",
                "sha256:fc0c5673685c508a142ca65209b4e79ed6740a4ed6b2267dbba90f34b0b3cfda",
                "sha256:fc7b73d02efb0e18c000e9ad8b83480dfcd5dfd11065997ed4c6747470ae8915",
                "sha256:fd83c01228a688733f1ded5201c678f0c53ecc1006ffbc404db9f7a899ac6249",
                "sha256:fe27749d33bb772c80dcd84ae7e8df2adc920ae8297400dabec45f0dedb3f6de",
                "sha256:fee4236c876c4e8369388054d02d0e9bb84821feb1a64dd59e137e6511a551f8"
            ],
            "markers": "python_version >= '3.10'",
            "version": "==2.2.6"
        },
        "packaging": {
            "hashes": [
                "sha256:29572ef2b1f17581046b3a2227d5c611fb25ec70ca1ba8554b24b0e69331a484",
                "sha256:d443872c98d677bf60f6a1f2f8c1cb748e8fe762d2bf9d3148b5599295b0fc4f"
            ],
            "markers": "python_version >= '3.8'",
            "version": "==25.0"
        },
        "pandas": {
            "hashes": [
                "sha256:025e92411c16cbe5bb2a4abc99732a6b132f439b8aab23a59fa593eb00704232",
                "sha256:09e3b1587f0f3b0913e21e8b32c3119174551deb4a4eba4a89bc7377947977e7",
                "sha256:0a95b9ac964fe83ce317827f80304d37388ea77616b1425f0ae41c9d2d0d7bb2",
                "sha256:0f951fbb702dacd390561e0ea45cdd8ecfa7fb56935eb3dd78e306c19104b9b0",
                "sha256:1b916a627919a247d865aed068eb65eb91a344b13f5b57ab9f610b7716c92de1",
                "sha256:1c78cf43c8fde236342a1cb2c34bcff89564a7bfed7e474ed2fffa6aed03a956",
                "sha256:1d12f618d80379fde6af007f65f0c25bd3e40251dbd1636480dfffce2cf1e6da",
                "sha256:22c2e866f7209ebc3a8f08d75766566aae02bcc91d196935a1d9e59c7b990ac9",
                "sha256:2323294c73ed50f612f67e2bf3ae45aea04dce5690778e08a09391897f35ff88",
                "sha256:2b0540963d83431f5ce8870ea02a7430adca100cec8a050f0811f8e31035541b",
                "sha256:2ba6aff74075311fc88504b1db890187a3cd0f887a5b10f5525f8e2ef55bfdb9",
                "sha256:2eb789ae0274672acbd3c575b0598d213345660120a257b47b5dafdc618aec83",
                "sha256:2f4d6feeba91744872a600e6edbbd5b033005b431d5ae8379abee5bcfa479fab",
                "sha256:342e59589cc454aaff7484d75b816a433350b3d7964d7847327edda4d532a2e3",
                "sha256:3462c3735fe19f2638f2c3a40bd94ec2dc5ba13abbb032dd2fa1f540a075509d",
                "sha256:3583d348546201aff730c8c47e49bc159833f971c2899d6097bce68b9112a4f1",
                "sha256:4645f770f98d656f11c69e81aeb21c6fca076a44bed3dcbb9396a4311bc7f6d8",
                "sha256:4d544806b485ddf29e52d75b1f559142514e60ef58a832f74fb38e48d757b299",
                "sha256:56a342b231e8862c96bdb6ab97170e203ce511f4d0429589c8ede1ee8ece48b8",
                "sha256:5db9637dbc24b631ff3707269ae4559bce4b7fd75c1c4d7e13f40edc42df4444",
                "sha256:689968e841136f9e542020698ee1c4fbe9caa2ed2213ae2388dc7b81721510d3",
                "sha256:6de8547d4fdb12421e2d047a2c446c623ff4c11f47fddb6b9169eb98ffba485a",
                "sha256:6f3bf5ec947526106399a9e1d26d40ee2b259c66422efdf4de63c848492d91bb",
                "sha256:782647ddc63c83133b2506912cc6b108140a38a37292102aaa19c81c83db2928",
                "sha256:7dcb79bf373a47d2a40cf7232928eb7540155abbc460925c2c96d2d30b006eb4",
                "sha256:8dfc17328e8da77be3cf9f47509e5637ba8f137148ed0e9b5241e1baf526e20a",
                "sha256:9026bd4a80108fac2239294a15ef9003c4ee191a0f64b90f170b40cfb7cf2d22",
                "sha256:911580460fc4884d9b05254b38a6bfadddfcc6aaef856fb5859e7ca202e45275",
                "sha256:98bcc8b5bf7afed22cc753a28bc4d9e26e078e777066bc53fac7904ddef9a678",
                "sha256:9b7ff55f31c4fcb3e316e8f7fa194566b286d6ac430afec0d461163312c5841e",
                "sha256:ac942bfd0aca577bef61f2bc8da8147c4ef6879965ef883d8e8d5d2dc3e744b8",
                "sha256:b3cd4273d3cb3707b6fffd217204c52ed92859533e31dc03b7c5008aa933aaab",
                "sha256:b4b0de34dc8499c2db34000ef8baad684cfa4cbd836ecee05f323ebfba348c7d",
                "sha256:ca7ed14832bce68baef331f4d7f294411bed8efd032f8109d690df45e00c4679",
                "sha256:cd05b72ec02ebfb993569b4931b2e16fbb4d6ad6ce80224a3ee838387d83a191",
                "sha256:dd71c47a911da120d72ef173aeac0bf5241423f9bfea57320110a978457e069e",
                "sha256:e5635178b387bd2ba4ac040f82bc2ef6e6b500483975c4ebacd34bec945fda12",
                "sha256:e6723a27ad7b244c0c79d8e7007092d7c8f0f11305770e2f4cd778b3ad5f9f85",
                "sha256:ec6c851509364c59a5344458ab935e6451b31b818be467eb24b0fe89bd05b6b9",
                "sha256:fe37e757f462d31a9cd7580236a82f353f5713a80e059a29753cf938c6775d96",
                "sha256:fe67dc676818c186d5a3d5425250e40f179c2a89145df477dd82945eaea89e97",
                "sha256:fe7317f578c6a153912bd2292f02e40c1d8f253e93c599e82620c7f69755c74f"
            ],
            "index": "pypi",
            "markers": "python_version >= '3.9'",
            "version": "==2.3.1"
        },
        "pythermalcomfort": {
            "hashes": [
                "sha256:3c694f82dac591ffefb3cd14451de0c05e4f873ad1af1e627c0196fbadb5ac02",
                "sha256:83a316344b77992cadf54fd819c3b4d310e690bfe93dc0123511d5f27631aa8a"
            ],
            "index": "pypi",
            "markers": "python_full_version >= '3.8.0'",
            "version": "==2.10.0"
        },
        "python-dateutil": {
            "hashes": [
                "sha256:37dd54208da7e1cd875388217d5e00ebd4179249f90fb72437e91a35459a0ad3",
                "sha256:a8b2bc7bffae282281c8140a97d3aa9c14da0b136dfe83f850eea9a5f7470427"
            ],
            "markers": "python_version >= '2.7' and python_version not in '3.0, 3.1, 3.2, 3.3'",
            "version": "==2.9.0.post0"
        },
        "pytz": {
            "hashes": [
                "sha256:360b9e3dbb49a209c21ad61809c7fb453643e048b38924c765813546746e81c3",
                "sha256:5ddf76296dd8c44c26eb8f4b6f35488f3ccbf6fbbd7adee0b7262d43f0ec2f00"
            ],
            "version": "==2025.2"
        },
        "scipy": {
            "hashes": [
                "sha256:03931b4e870c6fef5b5c0970d52c9f6ddd8c8d3e934a98f09308377eba6f3824",
                "sha256:1d8747f7736accd39289943f7fe53a8333be7f15a82eea08e4afe47d79568c32",
                "sha256:1dbc8fdba23e4d80394ddfab7a56808e3e6489176d559c6c71935b11a2d59db1",
                "sha256:26ec28675f4a9d41587266084c626b02899db373717d9312fa96ab17ca1ae94d",
                "sha256:4f720300a3024c237ace1cb11f9a84c38beb19616ba7c4cdcd771047a10a1706",
                "sha256:512c4f4f85912767c351a0306824ccca6fd91307a9f4318efe8fdbd9d30562ef",
                "sha256:58e0d4354eacb6004e7aa1cd350e5514bd0270acaa8d5b36c0627bb3bb486974",
                "sha256:6b65d232157a380fdd11a560e7e21cde34fdb69d65c09cb87f6cc024ee376351",
                "sha256:6c4abb4c11fc0b857474241b812ce69ffa6464b4bd8f4ecb786cf240367a36a7",
                "sha256:75b2094ec975c80efc273567436e16bb794660509c12c6a31eb5c195cbf4b6dc",
                "sha256:79a3c13d43c95aa80b87328a46031cf52508cf5f4df2767602c984ed1d3c6bbe",
                "sha256:7dcf42c380e1e3737b343dec21095c9a9ad3f9cbe06f9c05830b44b1786c9e90",
                "sha256:7eb6bd33cef4afb9fa5f1fb25df8feeb1e52d94f21a44f1d17805b41b1da3180",
                "sha256:88a6ca658fb94640079e7a50b2ad3b67e33ef0f40e70bdb7dc22017dae73ac08",
                "sha256:8cb824c1fc75ef29893bc32b3ddd7b11cf9ab13c1127fe26413a05953b8c32ed",
                "sha256:90452f6a9f3fe5a2cf3748e7be14f9cc7d9b124dce19667b54f5b429d680d539",
                "sha256:952358b7e58bd3197cfbd2f2f2ba829f258404bdf5db59514b515a8fe7a36c52",
                "sha256:a16ba90847249bedce8aa404a83fb8334b825ec4a8e742ce6012a7a5e639f95c",
                "sha256:a2f0bf2f58031c8701a8b601df41701d2a7be17c7ffac0a4816aeba89c4cdac8",
                "sha256:aad603e9339ddb676409b104c48a027e9916ce0d2838830691f39552b38a352e",
                "sha256:adf9b1999323ba335adc5d1dc7add4781cb5a4b0ef1e98b79768c05c796c4e49",
                "sha256:ae902626972f1bd7e4e86f58fd72322d7f4ec7b0cfc17b15d4b7006efc385176",
                "sha256:b2243561b45257f7391d0f49972fca90d46b79b8dbcb9b2cb0f9df928d370ad4",
                "sha256:b370f8f6ac6ef99815b0d5c9f02e7ade77b33007d74802efc8316c8db98fd11e",
                "sha256:b5ef54021e832869c8cfb03bc3bf20366cbcd426e02a58e8a58d7584dfbb8f62",
                "sha256:bbba55fb97ba3cdef9b1ee973f06b09d518c0c7c66a009c729c7d1592be1935e",
                "sha256:d2b83c37edbfa837a8923d19c749c1935ad3d41cf196006a24ed44dba2ec4358",
                "sha256:d30c0fe579bb901c61ab4bb7f3eeb7281f0d4c4a7b52dbf563c89da4fd2949be",
                "sha256:de2db7250ff6514366a9709c2cba35cb6d08498e961cba20d7cff98a7ee88938",
                "sha256:deec06d831b8f6b5fb0b652433be6a09db29e996368ce5911faf673e78d20085",
                "sha256:e69f798847e9add03d512eaf5081a9a5c9a98757d12e52e6186ed9681247a1ac",
                "sha256:e6d7dfc148135e9712d87c5f7e4f2ddc1304d1582cb3a7d698bbadedb61c7afd",
                "sha256:e85800274edf4db8dd2e4e93034f92d1b05c9421220e7ded9988b16976f849c1",
                "sha256:e9f414cbe9ca289a73e0cc92e33a6a791469b6619c240aa32ee18abdce8ab451",
                "sha256:eb9f147a1b8529bb7fec2a85cf4cf42bdfadf9e83535c309a11fdae598c88e8b",
                "sha256:f56296fefca67ba605fd74d12f7bd23636267731a72cb3947963e76b8c0a25db",
                "sha256:f91b87e1689f0370690e8470916fe1b2308e5b2061317ff76977c8f836452a47"
            ],
            "markers": "python_version >= '3.11'",
            "version": "==1.16.0"
        },
        "setuptools": {
            "hashes": [
                "sha256:062d34222ad13e0cc312a4c02d73f059e86a4acbfbdea8f8f76b28c99f306922",
                "sha256:f36b47402ecde768dbfafc46e8e4207b4360c654f1f3bb84475f0a28628fb19c"
            ],
            "markers": "python_version >= '3.9'",
            "version": "==80.9.0"
        },
        "six": {
            "hashes": [
                "sha256:4721f391ed90541fddacab5acf947aa0d3dc7d27b2e1e8eda2be8970586c3274",
                "sha256:ff70335d468e7eb6ec65b95b99d3a2836546063f63acc5171de367e834932a81"
            ],
            "markers": "python_version >= '2.7' and python_version not in '3.0, 3.1, 3.2, 3.3'",
            "version": "==1.17.0"
        },
        "tzdata": {
            "hashes": [
                "sha256:1a403fada01ff9221ca8044d701868fa132215d84beb92242d9acd2147f667a8",
                "sha256:b60a638fcc0daffadf82fe0f57e53d06bdec2f36c4df66280ae79bce6bd6f2b9"
            ],
            "markers": "python_version >= '2'",
            "version": "==2025.2"
        },
        "werkzeug": {
            "hashes": [
                "sha256:54b78bf3716d19a65be4fceccc0d1d7b89e608834989dfae50ea87564639213e",
                "sha256:60723ce945c19328679790e3282cc758aa4a6040e4bb330f53d30fa546d44746"
            ],
            "index": "pypi",
            "markers": "python_version >= '3.9'",
            "version": "==3.1.3"
        }
    },
    "develop": {}
}
